<?xml version="1.0" encoding="utf-8"?>
<Project ToolsVersion="4.0" xmlns="http://schemas.microsoft.com/developer/msbuild/2003">
  <ItemGroup>
    <Filter Include="Source Files">
      <UniqueIdentifier>{4FC737F1-C7A5-4376-A066-2A32D752A2FF}</UniqueIdentifier>
      <Extensions>cpp;c;cc;cxx;c++;cppm;ixx;def;odl;idl;hpj;bat;asm;asmx</Extensions>
    </Filter>
    <Filter Include="Header Files">
      <UniqueIdentifier>{93995380-89BD-4b04-88EB-625FBE52EBFB}</UniqueIdentifier>
      <Extensions>h;hh;hpp;hxx;h++;hm;inl;inc;ipp;xsd</Extensions>
    </Filter>
    <Filter Include="Resource Files">
      <UniqueIdentifier>{67DA6AB6-F800-4c08-8B7A-83BB121AAD01}</UniqueIdentifier>
      <Extensions>rc;ico;cur;bmp;dlg;rc2;rct;bin;rgs;gif;jpg;jpeg;jpe;resx;tiff;tif;png;wav;mfcribbon-ms</Extensions>
    </Filter>
  </ItemGroup>
  <ItemGroup>
    <ClCompile Include="src\main.cpp">
      <Filter>Source Files</Filter>
    </ClCompile>
    <ClCompile Include="src\runtime\memory.cpp">
      <Filter>Source Files</Filter>
    </ClCompile>
    <ClCompile Include="src\native\sdk.cpp">
      <Filter>Source Files</Filter>
    </ClCompile>
    <ClCompile Include="src\buffer\cache.cpp">
      <Filter>Source Files</Filter>
    </ClCompile>
    <ClCompile Include="src\display\render.cpp">
      <Filter>Source Files</Filter>
    </ClCompile>
    <ClCompile Include="ext\imgui\imgui.cpp">
      <Filter>Source Files</Filter>
    </ClCompile>
    <ClCompile Include="ext\imgui\imgui_demo.cpp">
      <Filter>Source Files</Filter>
    </ClCompile>
    <ClCompile Include="ext\imgui\imgui_draw.cpp">
      <Filter>Source Files</Filter>
    </ClCompile>
    <ClCompile Include="ext\imgui\imgui_impl_dx11.cpp">
      <Filter>Source Files</Filter>
    </ClCompile>
    <ClCompile Include="ext\imgui\imgui_impl_win32.cpp">
      <Filter>Source Files</Filter>
    </ClCompile>
    <ClCompile Include="ext\imgui\imgui_tables.cpp">
      <Filter>Source Files</Filter>
    </ClCompile>
    <ClCompile Include="ext\imgui\imgui_widgets.cpp">
      <Filter>Source Files</Filter>
    </ClCompile>
    <ClCompile Include="src\modules\markers\esp.cpp">
      <Filter>Source Files</Filter>
    </ClCompile>
    <ClCompile Include="src\modules\assist\silent.cpp">
      <Filter>Source Files</Filter>
    </ClCompile>
    <ClCompile Include="ext\Clipper2Lib\src\clipper.engine.cpp">
      <Filter>Source Files</Filter>
    </ClCompile>
    <ClCompile Include="ext\Clipper2Lib\src\clipper.offset.cpp">
      <Filter>Source Files</Filter>
    </ClCompile>
    <ClCompile Include="ext\Clipper2Lib\src\clipper.rectclip.cpp">
      <Filter>Source Files</Filter>
    </ClCompile>
    <ClCompile Include="src\modules\tweaks\fly.cpp">
      <Filter>Source Files</Filter>
    </ClCompile>
    <ClCompile Include="src\modules\tweaks\walkspeed.cpp">
      <Filter>Source Files</Filter>
    </ClCompile>
    <ClCompile Include="src\session\rescan.cpp">
      <Filter>Source Files</Filter>
    </ClCompile>
    <ClCompile Include="src\session\teleport.cpp">
      <Filter>Source Files</Filter>
    </ClCompile>
    <ClCompile Include="src\modules\targeting\aimbot.cpp">
      <Filter>Source Files</Filter>
    </ClCompile>
    <ClCompile Include="src\preferences\config.cpp">
      <Filter>Source Files</Filter>
    </ClCompile>
    <ClCompile Include="src\modules\tweaks\hitbox_expander.cpp">
      <Filter>Source Files</Filter>
    </ClCompile>
    <ClCompile Include="src\modules\inspector\dex_explorer.cpp">
      <Filter>Source Files</Filter>
    </ClCompile>
    <ClCompile Include="protection\protection\antidebug.cpp">
      <Filter>Source Files</Filter>
    </ClCompile>
    <ClCompile Include="src\display\notifications.cpp">
      <Filter>Source Files</Filter>
    </ClCompile>
    <ClCompile Include="src\workarounds\kill_crash_handler.cpp">
      <Filter>Source Files</Filter>
    </ClCompile>
    <ClCompile Include="src\verify\typing_check.cpp">
      <Filter>Source Files</Filter>
    </ClCompile>
    <ClCompile Include="src\modules\tweaks\freezeplayer.cpp">
      <Filter>Source Files</Filter>
    </ClCompile>
    <ClCompile Include="src\modules\tweaks\anti_afk.cpp">
      <Filter>Source Files</Filter>
    </ClCompile>
    <ClCompile Include="src\modules\tweaks\misc.cpp">
      <Filter>Source Files</Filter>
    </ClCompile>
    <ClCompile Include="src\modules\tweaks\triggerbot.cpp">
      <Filter>Source Files</Filter>
    </ClCompile>
    <ClCompile Include="src\modules\tweaks\bunnyhop.cpp">
      <Filter>Source Files</Filter>
    </ClCompile>
    <ClCompile Include="src\modules\tweaks\fov_changer.cpp">
      <Filter>Source Files</Filter>
    </ClCompile>
  </ItemGroup>
  <ItemGroup>
    <ClInclude Include="src\runtime\memory.h">
      <Filter>Header Files</Filter>
    </ClInclude>
    <ClInclude Include="src\native\offsets.h">
      <Filter>Header Files</Filter>
    </ClInclude>
    <ClInclude Include="src\native\sdk.h">
      <Filter>Header Files</Filter>
    </ClInclude>
    <ClInclude Include="src\buffer\cache.h">
      <Filter>Header Files</Filter>
    </ClInclude>
    <ClInclude Include="src\native\math\math.h">
      <Filter>Header Files</Filter>
    </ClInclude>
    <ClInclude Include="src\session\game.h">
      <Filter>Header Files</Filter>
    </ClInclude>
    <ClInclude Include="src\display\render.h">
      <Filter>Header Files</Filter>
    </ClInclude>
    <ClInclude Include="ext\imgui\imconfig.h">
      <Filter>Header Files</Filter>
    </ClInclude>
    <ClInclude Include="ext\imgui\imgui.h">
      <Filter>Header Files</Filter>
    </ClInclude>
    <ClInclude Include="ext\imgui\imgui_impl_dx11.h">
      <Filter>Header Files</Filter>
    </ClInclude>
    <ClInclude Include="ext\imgui\imgui_impl_win32.h">
      <Filter>Header Files</Filter>
    </ClInclude>
    <ClInclude Include="ext\imgui\imgui_internal.h">
      <Filter>Header Files</Filter>
    </ClInclude>
    <ClInclude Include="ext\imgui\imstb_rectpack.h">
      <Filter>Header Files</Filter>
    </ClInclude>
    <ClInclude Include="ext\imgui\imstb_textedit.h">
      <Filter>Header Files</Filter>
    </ClInclude>
    <ClInclude Include="ext\imgui\imstb_truetype.h">
      <Filter>Header Files</Filter>
    </ClInclude>
    <ClInclude Include="src\settings.h">
      <Filter>Header Files</Filter>
    </ClInclude>
    <ClInclude Include="src\modules\markers\esp.h">
      <Filter>Header Files</Filter>
    </ClInclude>
    <ClInclude Include="src\modules\assist\silent.h">
      <Filter>Header Files</Filter>
    </ClInclude>
    <ClInclude Include="src\display\render_helpers.h">
      <Filter>Header Files</Filter>
    </ClInclude>
    <ClInclude Include="src\display\visitor.h">
      <Filter>Header Files</Filter>
    </ClInclude>
    <ClInclude Include="ext\Clipper2Lib\include\clipper2\clipper.core.h">
      <Filter>Header Files</Filter>
    </ClInclude>
    <ClInclude Include="ext\Clipper2Lib\include\clipper2\clipper.engine.h">
      <Filter>Header Files</Filter>
    </ClInclude>
    <ClInclude Include="ext\Clipper2Lib\include\clipper2\clipper.export.h">
      <Filter>Header Files</Filter>
    </ClInclude>
    <ClInclude Include="ext\Clipper2Lib\include\clipper2\clipper.h">
      <Filter>Header Files</Filter>
    </ClInclude>
    <ClInclude Include="ext\Clipper2Lib\include\clipper2\clipper.minkowski.h">
      <Filter>Header Files</Filter>
    </ClInclude>
    <ClInclude Include="ext\Clipper2Lib\include\clipper2\clipper.offset.h">
      <Filter>Header Files</Filter>
    </ClInclude>
    <ClInclude Include="ext\Clipper2Lib\include\clipper2\clipper.rectclip.h">
      <Filter>Header Files</Filter>
    </ClInclude>
    <ClInclude Include="ext\Clipper2Lib\include\clipper2\clipper.version.h">
      <Filter>Header Files</Filter>
    </ClInclude>
    <ClInclude Include="src\modules\tweaks\walkspeed.h">
      <Filter>Header Files</Filter>
    </ClInclude>
    <ClInclude Include="src\session\rescan.h">
      <Filter>Header Files</Filter>
    </ClInclude>
    <ClInclude Include="src\session\teleport.h">
      <Filter>Header Files</Filter>
    </ClInclude>
    <ClInclude Include="resources\GetWeaponIcon.h">
      <Filter>Header Files</Filter>
    </ClInclude>
    <ClInclude Include="resources\WeaponIcon.hpp">
      <Filter>Header Files</Filter>
    </ClInclude>
    <ClInclude Include="src\modules\targeting\aimbot.h">
      <Filter>Header Files</Filter>
    </ClInclude>
    <ClInclude Include="src\preferences\config.h">
      <Filter>Header Files</Filter>
    </ClInclude>
    <ClInclude Include="src\modules\tweaks\hitbox_expander.h">
      <Filter>Header Files</Filter>
    </ClInclude>
    <ClInclude Include="resources\iconsdex.h">
      <Filter>Header Files</Filter>
    </ClInclude>
    <ClInclude Include="protection\protection\webhook.h">
      <Filter>Header Files</Filter>
    </ClInclude>
    <ClInclude Include="protection\protection\antidebug.h">
      <Filter>Header Files</Filter>
    </ClInclude>
    <ClInclude Include="src\modules\inspector\dex_explorer.h">
      <Filter>Header Files</Filter>
    </ClInclude>
    <ClInclude Include="src\display\notifications.h">
      <Filter>Header Files</Filter>
    </ClInclude>
    <ClInclude Include="src\workarounds\kill_crash_handler.h">
      <Filter>Header Files</Filter>
    </ClInclude>
    <ClInclude Include="src\verify\typing_check.h">
      <Filter>Header Files</Filter>
    </ClInclude>
    <ClInclude Include="src\modules\tweaks\freezeplayer.h">
      <Filter>Header Files</Filter>
    </ClInclude>
    <ClInclude Include="src\modules\tweaks\misc.h">
      <Filter>Header Files</Filter>
    </ClInclude>
    <ClInclude Include="src\modules\tweaks\anti_afk.h">
      <Filter>Header Files</Filter>
    </ClInclude>
    <ClInclude Include="src\modules\tweaks\fly.h">
      <Filter>Header Files</Filter>
    </ClInclude>
    <ClInclude Include="src\modules\tweaks\triggerbot.h">
      <Filter>Header Files</Filter>
    </ClInclude>
    <ClInclude Include="src\modules\tweaks\bunnyhop.h">
      <Filter>Header Files</Filter>
    </ClInclude>
    <ClInclude Include="src\modules\tweaks\fov_changer.h">
      <Filter>Header Files</Filter>
    </ClInclude>
  </ItemGroup>
  <ItemGroup>
    <MASM Include="src\runtime\luck.asm">
      <Filter>Source Files</Filter>
    </MASM>
  </ItemGroup>
</Project>
